// !$*UTF8*$!
{
	archiveVersion = 1;
	classes = {
	};
	objectVersion = 46;
	objects = {

/* Begin PBXBuildFile section */
		4902369315432EFD00F73253 /* logo.png in Resources */ = {isa = PBXBuildFile; fileRef = 4902369215432EFD00F73253 /* logo.png */; };
		4902369E1544659000F73253 /* black-diamond-plate.jpg in Resources */ = {isa = PBXBuildFile; fileRef = 4902369D1544659000F73253 /* black-diamond-plate.jpg */; };
		490236A01544991300F73253 /* xFitButton111.png in Resources */ = {isa = PBXBuildFile; fileRef = 4902369F1544991300F73253 /* xFitButton111.png */; };
		490236A21544D5E300F73253 /* xfitConstrain.png in Resources */ = {isa = PBXBuildFile; fileRef = 490236A11544D5E300F73253 /* xfitConstrain.png */; };
		490236A41544D86400F73253 /* xfitConstrainMan.png in Resources */ = {isa = PBXBuildFile; fileRef = 490236A31544D86300F73253 /* xfitConstrainMan.png */; };
		490236AE1545064E00F73253 /* xfitbutton112.png in Resources */ = {isa = PBXBuildFile; fileRef = 490236A91545064D00F73253 /* xfitbutton112.png */; };
		490236B01545064E00F73253 /* xFitButton114.png in Resources */ = {isa = PBXBuildFile; fileRef = 490236AB1545064E00F73253 /* xFitButton114.png */; };
		490236B11545064E00F73253 /* xFitButton115.png in Resources */ = {isa = PBXBuildFile; fileRef = 490236AC1545064E00F73253 /* xFitButton115.png */; };
		490236B21545064E00F73253 /* xFitButton116.png in Resources */ = {isa = PBXBuildFile; fileRef = 490236AD1545064E00F73253 /* xFitButton116.png */; };
		490236B41545070900F73253 /* xFitButtonTotal.png in Resources */ = {isa = PBXBuildFile; fileRef = 490236B31545070900F73253 /* xFitButtonTotal.png */; };
		490236B61545096700F73253 /* xFitButton113_2.png in Resources */ = {isa = PBXBuildFile; fileRef = 490236B51545096700F73253 /* xFitButton113_2.png */; };
		498EC426153F64C300F42F91 /* xfit2011SQL.sqlite in Resources */ = {isa = PBXBuildFile; fileRef = 498EC425153F64C300F42F91 /* xfit2011SQL.sqlite */; };
		498EC428153F655900F42F91 /* libsqlite3.0.dylib in Frameworks */ = {isa = PBXBuildFile; fileRef = 498EC427153F655900F42F91 /* libsqlite3.0.dylib */; };
		498EC42C153F68F700F42F91 /* XFitData.m in Sources */ = {isa = PBXBuildFile; fileRef = 498EC42B153F68F700F42F91 /* XFitData.m */; };
		498EC436153FC10800F42F91 /* DrawingClass.m in Sources */ = {isa = PBXBuildFile; fileRef = 498EC435153FC10800F42F91 /* DrawingClass.m */; };
		49B150441547477D008BE76C /* xFit2011Icon2.png in Resources */ = {isa = PBXBuildFile; fileRef = 49B150431547477D008BE76C /* xFit2011Icon2.png */; };
		49B8399B1547339C00D3656A /* xFit2011Icon.png in Resources */ = {isa = PBXBuildFile; fileRef = 49B8399A1547339B00D3656A /* xFit2011Icon.png */; };
		49CB70111531E069006C620F /* UIKit.framework in Frameworks */ = {isa = PBXBuildFile; fileRef = 49CB70101531E069006C620F /* UIKit.framework */; };
		49CB70131531E069006C620F /* Foundation.framework in Frameworks */ = {isa = PBXBuildFile; fileRef = 49CB70121531E069006C620F /* Foundation.framework */; };
		49CB70151531E069006C620F /* CoreGraphics.framework in Frameworks */ = {isa = PBXBuildFile; fileRef = 49CB70141531E069006C620F /* CoreGraphics.framework */; };
		49CB701B1531E069006C620F /* InfoPlist.strings in Resources */ = {isa = PBXBuildFile; fileRef = 49CB70191531E069006C620F /* InfoPlist.strings */; };
		49CB701D1531E069006C620F /* main.m in Sources */ = {isa = PBXBuildFile; fileRef = 49CB701C1531E069006C620F /* main.m */; };
		49CB70211531E069006C620F /* AppDelegate.m in Sources */ = {isa = PBXBuildFile; fileRef = 49CB70201531E069006C620F /* AppDelegate.m */; };
		49CB70241531E069006C620F /* MainStoryboard.storyboard in Resources */ = {isa = PBXBuildFile; fileRef = 49CB70221531E069006C620F /* MainStoryboard.storyboard */; };
		49CB70271531E069006C620F /* ViewController.m in Sources */ = {isa = PBXBuildFile; fileRef = 49CB70261531E069006C620F /* ViewController.m */; };
		49F6B05E1545F0C200CA44E2 /* Bank Gothic in Resources */ = {isa = PBXBuildFile; fileRef = 49F6B05D1545F0C200CA44E2 /* Bank Gothic */; };
/* End PBXBuildFile section */

/* Begin PBXFileReference section */
		4902369215432EFD00F73253 /* logo.png */ = {isa = PBXFileReference; lastKnownFileType = image.png; path = logo.png; sourceTree = "<group>"; };
		4902369D1544659000F73253 /* black-diamond-plate.jpg */ = {isa = PBXFileReference; lastKnownFileType = image.jpeg; path = "black-diamond-plate.jpg"; sourceTree = "<group>"; };
		4902369F1544991300F73253 /* xFitButton111.png */ = {isa = PBXFileReference; lastKnownFileType = image.png; path = xFitButton111.png; sourceTree = "<group>"; };
		490236A11544D5E300F73253 /* xfitConstrain.png */ = {isa = PBXFileReference; lastKnownFileType = image.png; path = xfitConstrain.png; sourceTree = "<group>"; };
		490236A31544D86300F73253 /* xfitConstrainMan.png */ = {isa = PBXFileReference; lastKnownFileType = image.png; path = xfitConstrainMan.png; sourceTree = "<group>"; };
		490236A91545064D00F73253 /* xfitbutton112.png */ = {isa = PBXFileReference; lastKnownFileType = image.png; path = xfitbutton112.png; sourceTree = "<group>"; };
		490236AB1545064E00F73253 /* xFitButton114.png */ = {isa = PBXFileReference; lastKnownFileType = image.png; path = xFitButton114.png; sourceTree = "<group>"; };
		490236AC1545064E00F73253 /* xFitButton115.png */ = {isa = PBXFileReference; lastKnownFileType = image.png; path = xFitButton115.png; sourceTree = "<group>"; };
		490236AD1545064E00F73253 /* xFitButton116.png */ = {isa = PBXFileReference; lastKnownFileType = image.png; path = xFitButton116.png; sourceTree = "<group>"; };
		490236B31545070900F73253 /* xFitButtonTotal.png */ = {isa = PBXFileReference; lastKnownFileType = image.png; path = xFitButtonTotal.png; sourceTree = "<group>"; };
		490236B51545096700F73253 /* xFitButton113_2.png */ = {isa = PBXFileReference; lastKnownFileType = image.png; path = xFitButton113_2.png; sourceTree = "<group>"; };
		498EC425153F64C300F42F91 /* xfit2011SQL.sqlite */ = {isa = PBXFileReference; lastKnownFileType = file; path = xfit2011SQL.sqlite; sourceTree = "<group>"; };
		498EC427153F655900F42F91 /* libsqlite3.0.dylib */ = {isa = PBXFileReference; lastKnownFileType = "compiled.mach-o.dylib"; name = libsqlite3.0.dylib; path = usr/lib/libsqlite3.0.dylib; sourceTree = SDKROOT; };
		498EC42A153F68F700F42F91 /* XFitData.h */ = {isa = PBXFileReference; fileEncoding = 4; lastKnownFileType = sourcecode.c.h; path = XFitData.h; sourceTree = "<group>"; };
		498EC42B153F68F700F42F91 /* XFitData.m */ = {isa = PBXFileReference; fileEncoding = 4; lastKnownFileType = sourcecode.c.objc; path = XFitData.m; sourceTree = "<group>"; };
		498EC434153FC10800F42F91 /* DrawingClass.h */ = {isa = PBXFileReference; fileEncoding = 4; lastKnownFileType = sourcecode.c.h; path = DrawingClass.h; sourceTree = "<group>"; };
		498EC435153FC10800F42F91 /* DrawingClass.m */ = {isa = PBXFileReference; fileEncoding = 4; lastKnownFileType = sourcecode.c.objc; path = DrawingClass.m; sourceTree = "<group>"; };
		49B150431547477D008BE76C /* xFit2011Icon2.png */ = {isa = PBXFileReference; lastKnownFileType = image.png; path = xFit2011Icon2.png; sourceTree = "<group>"; };
		49B8399A1547339B00D3656A /* xFit2011Icon.png */ = {isa = PBXFileReference; lastKnownFileType = image.png; path = xFit2011Icon.png; sourceTree = "<group>"; };
		49CB700C1531E069006C620F /* 2011CrossfitViz.app */ = {isa = PBXFileReference; explicitFileType = wrapper.application; includeInIndex = 0; path = 2011CrossfitViz.app; sourceTree = BUILT_PRODUCTS_DIR; };
		49CB70101531E069006C620F /* UIKit.framework */ = {isa = PBXFileReference; lastKnownFileType = wrapper.framework; name = UIKit.framework; path = System/Library/Frameworks/UIKit.framework; sourceTree = SDKROOT; };
		49CB70121531E069006C620F /* Foundation.framework */ = {isa = PBXFileReference; lastKnownFileType = wrapper.framework; name = Foundation.framework; path = System/Library/Frameworks/Foundation.framework; sourceTree = SDKROOT; };
		49CB70141531E069006C620F /* CoreGraphics.framework */ = {isa = PBXFileReference; lastKnownFileType = wrapper.framework; name = CoreGraphics.framework; path = System/Library/Frameworks/CoreGraphics.framework; sourceTree = SDKROOT; };
		49CB70181531E069006C620F /* 2011CrossfitViz-Info.plist */ = {isa = PBXFileReference; lastKnownFileType = text.plist.xml; path = "2011CrossfitViz-Info.plist"; sourceTree = "<group>"; };
		49CB701A1531E069006C620F /* en */ = {isa = PBXFileReference; lastKnownFileType = text.plist.strings; name = en; path = en.lproj/InfoPlist.strings; sourceTree = "<group>"; };
		49CB701C1531E069006C620F /* main.m */ = {isa = PBXFileReference; lastKnownFileType = sourcecode.c.objc; path = main.m; sourceTree = "<group>"; };
		49CB701E1531E069006C620F /* 2011CrossfitViz-Prefix.pch */ = {isa = PBXFileReference; lastKnownFileType = sourcecode.c.h; path = "2011CrossfitViz-Prefix.pch"; sourceTree = "<group>"; };
		49CB701F1531E069006C620F /* AppDelegate.h */ = {isa = PBXFileReference; lastKnownFileType = sourcecode.c.h; path = AppDelegate.h; sourceTree = "<group>"; };
		49CB70201531E069006C620F /* AppDelegate.m */ = {isa = PBXFileReference; lastKnownFileType = sourcecode.c.objc; path = AppDelegate.m; sourceTree = "<group>"; };
		49CB70231531E069006C620F /* en */ = {isa = PBXFileReference; lastKnownFileType = file.storyboard; name = en; path = en.lproj/MainStoryboard.storyboard; sourceTree = "<group>"; };
		49CB70251531E069006C620F /* ViewController.h */ = {isa = PBXFileReference; lastKnownFileType = sourcecode.c.h; path = ViewController.h; sourceTree = "<group>"; };
		49CB70261531E069006C620F /* ViewController.m */ = {isa = PBXFileReference; lastKnownFileType = sourcecode.c.objc; path = ViewController.m; sourceTree = "<group>"; };
		49F6B05D1545F0C200CA44E2 /* Bank Gothic */ = {isa = PBXFileReference; fileEncoding = 4; lastKnownFileType = text; path = "Bank Gothic"; sourceTree = "<group>"; };
/* End PBXFileReference section */

/* Begin PBXFrameworksBuildPhase section */
		49CB70091531E069006C620F /* Frameworks */ = {
			isa = PBXFrameworksBuildPhase;
			buildActionMask = 2147483647;
			files = (
				49CB70151531E069006C620F /* CoreGraphics.framework in Frameworks */,
				498EC428153F655900F42F91 /* libsqlite3.0.dylib in Frameworks */,
				49CB70111531E069006C620F /* UIKit.framework in Frameworks */,
				49CB70131531E069006C620F /* Foundation.framework in Frameworks */,
			);
			runOnlyForDeploymentPostprocessing = 0;
		};
/* End PBXFrameworksBuildPhase section */

/* Begin PBXGroup section */
		498EC429153F67E600F42F91 /* Model */ = {
			isa = PBXGroup;
			children = (
				498EC42A153F68F700F42F91 /* XFitData.h */,
				498EC42B153F68F700F42F91 /* XFitData.m */,
			);
			name = Model;
			sourceTree = "<group>";
		};
		49CB70011531E069006C620F = {
			isa = PBXGroup;
			children = (
				49B150431547477D008BE76C /* xFit2011Icon2.png */,
				49B8399A1547339B00D3656A /* xFit2011Icon.png */,
				49CB70161531E069006C620F /* 2011CrossfitViz */,
				49CB700F1531E069006C620F /* Frameworks */,
				49CB700D1531E069006C620F /* Products */,
			);
			sourceTree = "<group>";
		};
		49CB700D1531E069006C620F /* Products */ = {
			isa = PBXGroup;
			children = (
				49CB700C1531E069006C620F /* 2011CrossfitViz.app */,
			);
			name = Products;
			sourceTree = "<group>";
		};
		49CB700F1531E069006C620F /* Frameworks */ = {
			isa = PBXGroup;
			children = (
				498EC427153F655900F42F91 /* libsqlite3.0.dylib */,
				49CB70101531E069006C620F /* UIKit.framework */,
				49CB70121531E069006C620F /* Foundation.framework */,
				49CB70141531E069006C620F /* CoreGraphics.framework */,
			);
			name = Frameworks;
			sourceTree = "<group>";
		};
		49CB70161531E069006C620F /* 2011CrossfitViz */ = {
			isa = PBXGroup;
			children = (
				498EC429153F67E600F42F91 /* Model */,
				498EC425153F64C300F42F91 /* xfit2011SQL.sqlite */,
				49CB701F1531E069006C620F /* AppDelegate.h */,
				49CB70201531E069006C620F /* AppDelegate.m */,
				49CB70221531E069006C620F /* MainStoryboard.storyboard */,
				49CB70251531E069006C620F /* ViewController.h */,
				49CB70261531E069006C620F /* ViewController.m */,
				498EC434153FC10800F42F91 /* DrawingClass.h */,
				498EC435153FC10800F42F91 /* DrawingClass.m */,
				49CB70171531E069006C620F /* Supporting Files */,
			);
			path = 2011CrossfitViz;
			sourceTree = "<group>";
		};
		49CB70171531E069006C620F /* Supporting Files */ = {
			isa = PBXGroup;
			children = (
				49F6B05D1545F0C200CA44E2 /* Bank Gothic */,
				490236B51545096700F73253 /* xFitButton113_2.png */,
				490236B31545070900F73253 /* xFitButtonTotal.png */,
				490236A91545064D00F73253 /* xfitbutton112.png */,
				490236AB1545064E00F73253 /* xFitButton114.png */,
				490236AC1545064E00F73253 /* xFitButton115.png */,
				490236AD1545064E00F73253 /* xFitButton116.png */,
				490236A31544D86300F73253 /* xfitConstrainMan.png */,
				490236A11544D5E300F73253 /* xfitConstrain.png */,
				4902369F1544991300F73253 /* xFitButton111.png */,
				4902369D1544659000F73253 /* black-diamond-plate.jpg */,
				4902369215432EFD00F73253 /* logo.png */,
				49CB70181531E069006C620F /* 2011CrossfitViz-Info.plist */,
				49CB70191531E069006C620F /* InfoPlist.strings */,
				49CB701C1531E069006C620F /* main.m */,
				49CB701E1531E069006C620F /* 2011CrossfitViz-Prefix.pch */,
			);
			name = "Supporting Files";
			sourceTree = "<group>";
		};
/* End PBXGroup section */

/* Begin PBXNativeTarget section */
		49CB700B1531E069006C620F /* 2011CrossfitViz */ = {
			isa = PBXNativeTarget;
			buildConfigurationList = 49CB702A1531E069006C620F /* Build configuration list for PBXNativeTarget "2011CrossfitViz" */;
			buildPhases = (
				49CB70081531E069006C620F /* Sources */,
				49CB70091531E069006C620F /* Frameworks */,
				49CB700A1531E069006C620F /* Resources */,
			);
			buildRules = (
			);
			dependencies = (
			);
			name = 2011CrossfitViz;
			productName = 2011CrossfitViz;
			productReference = 49CB700C1531E069006C620F /* 2011CrossfitViz.app */;
			productType = "com.apple.product-type.application";
		};
/* End PBXNativeTarget section */

/* Begin PBXProject section */
		49CB70031531E069006C620F /* Project object */ = {
			isa = PBXProject;
			attributes = {
				LastUpgradeCheck = 0420;
			};
			buildConfigurationList = 49CB70061531E069006C620F /* Build configuration list for PBXProject "2011CrossfitViz" */;
			compatibilityVersion = "Xcode 3.2";
			developmentRegion = English;
			hasScannedForEncodings = 0;
			knownRegions = (
				en,
			);
			mainGroup = 49CB70011531E069006C620F;
			productRefGroup = 49CB700D1531E069006C620F /* Products */;
			projectDirPath = "";
			projectRoot = "";
			targets = (
				49CB700B1531E069006C620F /* 2011CrossfitViz */,
			);
		};
/* End PBXProject section */

/* Begin PBXResourcesBuildPhase section */
		49CB700A1531E069006C620F /* Resources */ = {
			isa = PBXResourcesBuildPhase;
			buildActionMask = 2147483647;
			files = (
				49CB701B1531E069006C620F /* InfoPlist.strings in Resources */,
				49CB70241531E069006C620F /* MainStoryboard.storyboard in Resources */,
				498EC426153F64C300F42F91 /* xfit2011SQL.sqlite in Resources */,
				4902369315432EFD00F73253 /* logo.png in Resources */,
				4902369E1544659000F73253 /* black-diamond-plate.jpg in Resources */,
				490236A01544991300F73253 /* xFitButton111.png in Resources */,
				490236A21544D5E300F73253 /* xfitConstrain.png in Resources */,
				490236A41544D86400F73253 /* xfitConstrainMan.png in Resources */,
				490236AE1545064E00F73253 /* xfitbutton112.png in Resources */,
				490236B01545064E00F73253 /* xFitButton114.png in Resources */,
				490236B11545064E00F73253 /* xFitButton115.png in Resources */,
				490236B21545064E00F73253 /* xFitButton116.png in Resources */,
				490236B41545070900F73253 /* xFitButtonTotal.png in Resources */,
				490236B61545096700F73253 /* xFitButton113_2.png in Resources */,
				49F6B05E1545F0C200CA44E2 /* Bank Gothic in Resources */,
				49B8399B1547339C00D3656A /* xFit2011Icon.png in Resources */,
				49B150441547477D008BE76C /* xFit2011Icon2.png in Resources */,
			);
			runOnlyForDeploymentPostprocessing = 0;
		};
/* End PBXResourcesBuildPhase section */

/* Begin PBXSourcesBuildPhase section */
		49CB70081531E069006C620F /* Sources */ = {
			isa = PBXSourcesBuildPhase;
			buildActionMask = 2147483647;
			files = (
				49CB701D1531E069006C620F /* main.m in Sources */,
				49CB70211531E069006C620F /* AppDelegate.m in Sources */,
				49CB70271531E069006C620F /* ViewController.m in Sources */,
				498EC42C153F68F700F42F91 /* XFitData.m in Sources */,
				498EC436153FC10800F42F91 /* DrawingClass.m in Sources */,
			);
			runOnlyForDeploymentPostprocessing = 0;
		};
/* End PBXSourcesBuildPhase section */

/* Begin PBXVariantGroup section */
		49CB70191531E069006C620F /* InfoPlist.strings */ = {
			isa = PBXVariantGroup;
			children = (
				49CB701A1531E069006C620F /* en */,
			);
			name = InfoPlist.strings;
			sourceTree = "<group>";
		};
		49CB70221531E069006C620F /* MainStoryboard.storyboard */ = {
			isa = PBXVariantGroup;
			children = (
				49CB70231531E069006C620F /* en */,
			);
			name = MainStoryboard.storyboard;
			sourceTree = "<group>";
		};
/* End PBXVariantGroup section */

/* Begin XCBuildConfiguration section */
		49CB70281531E069006C620F /* Debug */ = {
			isa = XCBuildConfiguration;
			buildSettings = {
				ALWAYS_SEARCH_USER_PATHS = NO;
				ARCHS = "$(ARCHS_STANDARD_32_BIT)";
				CLANG_ENABLE_OBJC_ARC = YES;
				"CODE_SIGN_IDENTITY[sdk=iphoneos*]" = "iPhone Developer";
				COPY_PHASE_STRIP = NO;
				GCC_C_LANGUAGE_STANDARD = gnu99;
				GCC_DYNAMIC_NO_PIC = NO;
				GCC_OPTIMIZATION_LEVEL = 0;
				GCC_PREPROCESSOR_DEFINITIONS = (
					"DEBUG=1",
					"$(inherited)",
				);
				GCC_SYMBOLS_PRIVATE_EXTERN = NO;
				GCC_VERSION = com.apple.compilers.llvm.clang.1_0;
				GCC_WARN_ABOUT_MISSING_PROTOTYPES = YES;
				GCC_WARN_ABOUT_RETURN_TYPE = YES;
				GCC_WARN_UNUSED_VARIABLE = YES;
				IPHONEOS_DEPLOYMENT_TARGET = 5.0;
				SDKROOT = iphoneos;
				TARGETED_DEVICE_FAMILY = 2;
			};
			name = Debug;
		};
		49CB70291531E069006C620F /* Release */ = {
			isa = XCBuildConfiguration;
			buildSettings = {
				ALWAYS_SEARCH_USER_PATHS = NO;
				ARCHS = "$(ARCHS_STANDARD_32_BIT)";
				CLANG_ENABLE_OBJC_ARC = YES;
				"CODE_SIGN_IDENTITY[sdk=iphoneos*]" = "iPhone Developer";
				COPY_PHASE_STRIP = YES;
				GCC_C_LANGUAGE_STANDARD = gnu99;
				GCC_VERSION = com.apple.compilers.llvm.clang.1_0;
				GCC_WARN_ABOUT_MISSING_PROTOTYPES = YES;
				GCC_WARN_ABOUT_RETURN_TYPE = YES;
				GCC_WARN_UNUSED_VARIABLE = YES;
				IPHONEOS_DEPLOYMENT_TARGET = 5.0;
				OTHER_CFLAGS = "-DNS_BLOCK_ASSERTIONS=1";
				SDKROOT = iphoneos;
				TARGETED_DEVICE_FAMILY = 2;
				VALIDATE_PRODUCT = YES;
			};
			name = Release;
		};
		49CB702B1531E069006C620F /* Debug */ = {
			isa = XCBuildConfiguration;
			buildSettings = {
				GCC_PRECOMPILE_PREFIX_HEADER = YES;
				GCC_PREFIX_HEADER = "2011CrossfitViz/2011CrossfitViz-Prefix.pch";
				INFOPLIST_FILE = "2011CrossfitViz/2011CrossfitViz-Info.plist";
				PRODUCT_NAME = "$(TARGET_NAME)";
				WRAPPER_EXTENSION = app;
			};
			name = Debug;
		};
		49CB702C1531E069006C620F /* Release */ = {
			isa = XCBuildConfiguration;
			buildSettings = {
				GCC_PRECOMPILE_PREFIX_HEADER = YES;
				GCC_PREFIX_HEADER = "2011CrossfitViz/2011CrossfitViz-Prefix.pch";
				INFOPLIST_FILE = "2011CrossfitViz/2011CrossfitViz-Info.plist";
				PRODUCT_NAME = "$(TARGET_NAME)";
				WRAPPER_EXTENSION = app;
			};
			name = Release;
		};
/* End XCBuildConfiguration section */

/* Begin XCConfigurationList section */
		49CB70061531E069006C620F /* Build configuration list for PBXProject "2011CrossfitViz" */ = {
			isa = XCConfigurationList;
			buildConfigurations = (
				49CB70281531E069006C620F /* Debug */,
				49CB70291531E069006C620F /* Release */,
			);
			defaultConfigurationIsVisible = 0;
			defaultConfigurationName = Release;
		};
		49CB702A1531E069006C620F /* Build configuration list for PBXNativeTarget "2011CrossfitViz" */ = {
			isa = XCConfigurationList;
			buildConfigurations = (
				49CB702B1531E069006C620F /* Debug */,
				49CB702C1531E069006C620F /* Release */,
			);
			defaultConfigurationIsVisible = 0;
			defaultConfigurationName = Release;
		};
/* End XCConfigurationList section */
	};
	rootObject = 49CB70031531E069006C620F /* Project object */;
}
